
Microsoft Visual Studio Solution File, Format Version 12.00
# Visual Studio Version 17
VisualStudioVersion = 17.9.34728.123
MinimumVisualStudioVersion = 10.0.40219.1
Project("{8BC9CEB8-8B4A-11D0-8D11-00A0C91BC942}") = "Program", "Program.vcxproj", "{2710CC78-56F9-4F2E-8898-490DF9C1C903}"
EndProject
Project("{8BC9CEB8-8B4A-11D0-8D11-00A0C91BC942}") = "Class1th (Single Linked List)", "..\Class1th (Single Linked List)\Class1th (Single Linked List).vcxproj", "{A6BECB95-0AF9-4B8D-8364-A1F160548C15}"
EndProject
Project("{8BC9CEB8-8B4A-11D0-8D11-00A0C91BC942}") = "Class2th (Double Linked List)", "..\Class2th (Double Linked List)\Class2th (Double Linked List).vcxproj", "{38DC3CA3-08E4-439E-989D-67492B15DE4B}"
EndProject
Project("{8BC9CEB8-8B4A-11D0-8D11-00A0C91BC942}") = "Class3th (Circle Linked List)", "..\Circle3th (Circle Linked List)\Circle3th (Circle Linked List).vcxproj", "{A740450D-ABCF-4398-9C81-DAF74FC75A22}"
EndProject
Project("{8BC9CEB8-8B4A-11D0-8D11-00A0C91BC942}") = "Class4th (Vector)", "..\Class4th (Vector)\Class4th (Vector).vcxproj", "{C4E4765D-8E64-4E27-8CFA-1BB4DFC11DA0}"
EndProject
Project("{8BC9CEB8-8B4A-11D0-8D11-00A0C91BC942}") = "Class5th (Stack)", "..\Class5th (Stack)\Class5th (Stack).vcxproj", "{041B23D6-8937-48DD-8C25-ECC86470DB78}"
EndProject
Project("{8BC9CEB8-8B4A-11D0-8D11-00A0C91BC942}") = "Class6th (Liner Queue)", "..\Class6th (Liner Queue)\Class6th (Liner Queue).vcxproj", "{1C3A6B92-B314-4D99-A582-F1B07AF2B32F}"
EndProject
Project("{8BC9CEB8-8B4A-11D0-8D11-00A0C91BC942}") = "Class7th (Circle Queue)", "..\Class7th (Circle Queue)\Class7th (Circle Queue).vcxproj", "{9D7DCC5D-59FA-4D85-96B6-396FBC98DE56}"
EndProject
Project("{8BC9CEB8-8B4A-11D0-8D11-00A0C91BC942}") = "Class8th (PriorityQueue)", "..\Class8th (PriorityQueue)\Class8th (PriorityQueue).vcxproj", "{B67A08CE-B506-47EB-B9A6-12C5541185FB}"
EndProject
Project("{8BC9CEB8-8B4A-11D0-8D11-00A0C91BC942}") = "Class9th (Hash Table)", "..\Class9th (Hash Table)\Class9th (Hash Table).vcxproj", "{F76D005F-4C4E-4C11-AF29-7970D655D184}"
EndProject
Project("{8BC9CEB8-8B4A-11D0-8D11-00A0C91BC942}") = "Class10th (Adjacency Matrix)", "..\Class10th (Adjacency Matrix)\Class10th (Adjacency Matrix).vcxproj", "{56C100BC-7273-4A93-8FA7-515BDF637A60}"
EndProject
Project("{8BC9CEB8-8B4A-11D0-8D11-00A0C91BC942}") = "Class11th (Adjancency List)", "..\Class11th (Adjancency List)\Class11th (Adjancency List).vcxproj", "{C6A73442-3E23-4816-924F-3929FA82AC94}"
EndProject
Global
	GlobalSection(SolutionConfigurationPlatforms) = preSolution
		Debug|x64 = Debug|x64
		Debug|x86 = Debug|x86
		Release|x64 = Release|x64
		Release|x86 = Release|x86
	EndGlobalSection
	GlobalSection(ProjectConfigurationPlatforms) = postSolution
		{2710CC78-56F9-4F2E-8898-490DF9C1C903}.Debug|x64.ActiveCfg = Debug|x64
		{2710CC78-56F9-4F2E-8898-490DF9C1C903}.Debug|x64.Build.0 = Debug|x64
		{2710CC78-56F9-4F2E-8898-490DF9C1C903}.Debug|x86.ActiveCfg = Debug|Win32
		{2710CC78-56F9-4F2E-8898-490DF9C1C903}.Debug|x86.Build.0 = Debug|Win32
		{2710CC78-56F9-4F2E-8898-490DF9C1C903}.Release|x64.ActiveCfg = Release|x64
		{2710CC78-56F9-4F2E-8898-490DF9C1C903}.Release|x64.Build.0 = Release|x64
		{2710CC78-56F9-4F2E-8898-490DF9C1C903}.Release|x86.ActiveCfg = Release|Win32
		{2710CC78-56F9-4F2E-8898-490DF9C1C903}.Release|x86.Build.0 = Release|Win32
		{A6BECB95-0AF9-4B8D-8364-A1F160548C15}.Debug|x64.ActiveCfg = Debug|x64
		{A6BECB95-0AF9-4B8D-8364-A1F160548C15}.Debug|x64.Build.0 = Debug|x64
		{A6BECB95-0AF9-4B8D-8364-A1F160548C15}.Debug|x86.ActiveCfg = Debug|Win32
		{A6BECB95-0AF9-4B8D-8364-A1F160548C15}.Debug|x86.Build.0 = Debug|Win32
		{A6BECB95-0AF9-4B8D-8364-A1F160548C15}.Release|x64.ActiveCfg = Release|x64
		{A6BECB95-0AF9-4B8D-8364-A1F160548C15}.Release|x64.Build.0 = Release|x64
		{A6BECB95-0AF9-4B8D-8364-A1F160548C15}.Release|x86.ActiveCfg = Release|Win32
		{A6BECB95-0AF9-4B8D-8364-A1F160548C15}.Release|x86.Build.0 = Release|Win32
		{38DC3CA3-08E4-439E-989D-67492B15DE4B}.Debug|x64.ActiveCfg = Debug|x64
		{38DC3CA3-08E4-439E-989D-67492B15DE4B}.Debug|x64.Build.0 = Debug|x64
		{38DC3CA3-08E4-439E-989D-67492B15DE4B}.Debug|x86.ActiveCfg = Debug|Win32
		{38DC3CA3-08E4-439E-989D-67492B15DE4B}.Debug|x86.Build.0 = Debug|Win32
		{38DC3CA3-08E4-439E-989D-67492B15DE4B}.Release|x64.ActiveCfg = Release|x64
		{38DC3CA3-08E4-439E-989D-67492B15DE4B}.Release|x64.Build.0 = Release|x64
		{38DC3CA3-08E4-439E-989D-67492B15DE4B}.Release|x86.ActiveCfg = Release|Win32
		{38DC3CA3-08E4-439E-989D-67492B15DE4B}.Release|x86.Build.0 = Release|Win32
		{A740450D-ABCF-4398-9C81-DAF74FC75A22}.Debug|x64.ActiveCfg = Debug|x64
		{A740450D-ABCF-4398-9C81-DAF74FC75A22}.Debug|x64.Build.0 = Debug|x64
		{A740450D-ABCF-4398-9C81-DAF74FC75A22}.Debug|x86.ActiveCfg = Debug|Win32
		{A740450D-ABCF-4398-9C81-DAF74FC75A22}.Debug|x86.Build.0 = Debug|Win32
		{A740450D-ABCF-4398-9C81-DAF74FC75A22}.Release|x64.ActiveCfg = Release|x64
		{A740450D-ABCF-4398-9C81-DAF74FC75A22}.Release|x64.Build.0 = Release|x64
		{A740450D-ABCF-4398-9C81-DAF74FC75A22}.Release|x86.ActiveCfg = Release|Win32
		{A740450D-ABCF-4398-9C81-DAF74FC75A22}.Release|x86.Build.0 = Release|Win32
		{C4E4765D-8E64-4E27-8CFA-1BB4DFC11DA0}.Debug|x64.ActiveCfg = Debug|x64
		{C4E4765D-8E64-4E27-8CFA-1BB4DFC11DA0}.Debug|x64.Build.0 = Debug|x64
		{C4E4765D-8E64-4E27-8CFA-1BB4DFC11DA0}.Debug|x86.ActiveCfg = Debug|Win32
		{C4E4765D-8E64-4E27-8CFA-1BB4DFC11DA0}.Debug|x86.Build.0 = Debug|Win32
		{C4E4765D-8E64-4E27-8CFA-1BB4DFC11DA0}.Release|x64.ActiveCfg = Release|x64
		{C4E4765D-8E64-4E27-8CFA-1BB4DFC11DA0}.Release|x64.Build.0 = Release|x64
		{C4E4765D-8E64-4E27-8CFA-1BB4DFC11DA0}.Release|x86.ActiveCfg = Release|Win32
		{C4E4765D-8E64-4E27-8CFA-1BB4DFC11DA0}.Release|x86.Build.0 = Release|Win32
		{041B23D6-8937-48DD-8C25-ECC86470DB78}.Debug|x64.ActiveCfg = Debug|x64
		{041B23D6-8937-48DD-8C25-ECC86470DB78}.Debug|x64.Build.0 = Debug|x64
		{041B23D6-8937-48DD-8C25-ECC86470DB78}.Debug|x86.ActiveCfg = Debug|Win32
		{041B23D6-8937-48DD-8C25-ECC86470DB78}.Debug|x86.Build.0 = Debug|Win32
		{041B23D6-8937-48DD-8C25-ECC86470DB78}.Release|x64.ActiveCfg = Release|x64
		{041B23D6-8937-48DD-8C25-ECC86470DB78}.Release|x64.Build.0 = Release|x64
		{041B23D6-8937-48DD-8C25-ECC86470DB78}.Release|x86.ActiveCfg = Release|Win32
		{041B23D6-8937-48DD-8C25-ECC86470DB78}.Release|x86.Build.0 = Release|Win32
		{1C3A6B92-B314-4D99-A582-F1B07AF2B32F}.Debug|x64.ActiveCfg = Debug|x64
		{1C3A6B92-B314-4D99-A582-F1B07AF2B32F}.Debug|x64.Build.0 = Debug|x64
		{1C3A6B92-B314-4D99-A582-F1B07AF2B32F}.Debug|x86.ActiveCfg = Debug|Win32
		{1C3A6B92-B314-4D99-A582-F1B07AF2B32F}.Debug|x86.Build.0 = Debug|Win32
		{1C3A6B92-B314-4D99-A582-F1B07AF2B32F}.Release|x64.ActiveCfg = Release|x64
		{1C3A6B92-B314-4D99-A582-F1B07AF2B32F}.Release|x64.Build.0 = Release|x64
		{1C3A6B92-B314-4D99-A582-F1B07AF2B32F}.Release|x86.ActiveCfg = Release|Win32
		{1C3A6B92-B314-4D99-A582-F1B07AF2B32F}.Release|x86.Build.0 = Release|Win32
		{9D7DCC5D-59FA-4D85-96B6-396FBC98DE56}.Debug|x64.ActiveCfg = Debug|x64
		{9D7DCC5D-59FA-4D85-96B6-396FBC98DE56}.Debug|x64.Build.0 = Debug|x64
		{9D7DCC5D-59FA-4D85-96B6-396FBC98DE56}.Debug|x86.ActiveCfg = Debug|Win32
		{9D7DCC5D-59FA-4D85-96B6-396FBC98DE56}.Debug|x86.Build.0 = Debug|Win32
		{9D7DCC5D-59FA-4D85-96B6-396FBC98DE56}.Release|x64.ActiveCfg = Release|x64
		{9D7DCC5D-59FA-4D85-96B6-396FBC98DE56}.Release|x64.Build.0 = Release|x64
		{9D7DCC5D-59FA-4D85-96B6-396FBC98DE56}.Release|x86.ActiveCfg = Release|Win32
		{9D7DCC5D-59FA-4D85-96B6-396FBC98DE56}.Release|x86.Build.0 = Release|Win32
		{B67A08CE-B506-47EB-B9A6-12C5541185FB}.Debug|x64.ActiveCfg = Debug|x64
		{B67A08CE-B506-47EB-B9A6-12C5541185FB}.Debug|x64.Build.0 = Debug|x64
		{B67A08CE-B506-47EB-B9A6-12C5541185FB}.Debug|x86.ActiveCfg = Debug|Win32
		{B67A08CE-B506-47EB-B9A6-12C5541185FB}.Debug|x86.Build.0 = Debug|Win32
		{B67A08CE-B506-47EB-B9A6-12C5541185FB}.Release|x64.ActiveCfg = Release|x64
		{B67A08CE-B506-47EB-B9A6-12C5541185FB}.Release|x64.Build.0 = Release|x64
		{B67A08CE-B506-47EB-B9A6-12C5541185FB}.Release|x86.ActiveCfg = Release|Win32
		{B67A08CE-B506-47EB-B9A6-12C5541185FB}.Release|x86.Build.0 = Release|Win32
		{F76D005F-4C4E-4C11-AF29-7970D655D184}.Debug|x64.ActiveCfg = Debug|x64
		{F76D005F-4C4E-4C11-AF29-7970D655D184}.Debug|x64.Build.0 = Debug|x64
		{F76D005F-4C4E-4C11-AF29-7970D655D184}.Debug|x86.ActiveCfg = Debug|Win32
		{F76D005F-4C4E-4C11-AF29-7970D655D184}.Debug|x86.Build.0 = Debug|Win32
		{F76D005F-4C4E-4C11-AF29-7970D655D184}.Release|x64.ActiveCfg = Release|x64
		{F76D005F-4C4E-4C11-AF29-7970D655D184}.Release|x64.Build.0 = Release|x64
		{F76D005F-4C4E-4C11-AF29-7970D655D184}.Release|x86.ActiveCfg = Release|Win32
		{F76D005F-4C4E-4C11-AF29-7970D655D184}.Release|x86.Build.0 = Release|Win32
		{56C100BC-7273-4A93-8FA7-515BDF637A60}.Debug|x64.ActiveCfg = Debug|x64
		{56C100BC-7273-4A93-8FA7-515BDF637A60}.Debug|x64.Build.0 = Debug|x64
		{56C100BC-7273-4A93-8FA7-515BDF637A60}.Debug|x86.ActiveCfg = Debug|Win32
		{56C100BC-7273-4A93-8FA7-515BDF637A60}.Debug|x86.Build.0 = Debug|Win32
		{56C100BC-7273-4A93-8FA7-515BDF637A60}.Release|x64.ActiveCfg = Release|x64
		{56C100BC-7273-4A93-8FA7-515BDF637A60}.Release|x64.Build.0 = Release|x64
		{56C100BC-7273-4A93-8FA7-515BDF637A60}.Release|x86.ActiveCfg = Release|Win32
		{56C100BC-7273-4A93-8FA7-515BDF637A60}.Release|x86.Build.0 = Release|Win32
		{C6A73442-3E23-4816-924F-3929FA82AC94}.Debug|x64.ActiveCfg = Debug|x64
		{C6A73442-3E23-4816-924F-3929FA82AC94}.Debug|x64.Build.0 = Debug|x64
		{C6A73442-3E23-4816-924F-3929FA82AC94}.Debug|x86.ActiveCfg = Debug|Win32
		{C6A73442-3E23-4816-924F-3929FA82AC94}.Debug|x86.Build.0 = Debug|Win32
		{C6A73442-3E23-4816-924F-3929FA82AC94}.Release|x64.ActiveCfg = Release|x64
		{C6A73442-3E23-4816-924F-3929FA82AC94}.Release|x64.Build.0 = Release|x64
		{C6A73442-3E23-4816-924F-3929FA82AC94}.Release|x86.ActiveCfg = Release|Win32
		{C6A73442-3E23-4816-924F-3929FA82AC94}.Release|x86.Build.0 = Release|Win32
	EndGlobalSection
	GlobalSection(SolutionProperties) = preSolution
		HideSolutionNode = FALSE
	EndGlobalSection
	GlobalSection(ExtensibilityGlobals) = postSolution
		SolutionGuid = {D2CE2EA3-EFD5-4C2C-8DDC-15952EF922B6}
	EndGlobalSection
EndGlobal
